
Microsoft Visual Studio Solution File, Format Version 12.00
# Visual Studio 14
VisualStudioVersion = 14.0.24720.0
MinimumVisualStudioVersion = 10.0.40219.1
Project("{FAE04EC0-301F-11D3-BF4B-00C04F79EFBC}") = "UscParser", "UscParser\UscParser.csproj", "{CA8190DD-6FC4-4C62-B0C7-7BD653E62384}"
EndProject
Global
	GlobalSection(SolutionConfigurationPlatforms) = preSolution
		Debug|Any CPU = Debug|Any CPU
		Release|Any CPU = Release|Any CPU
	EndGlobalSection
	GlobalSection(ProjectConfigurationPlatforms) = postSolution
		{CA8190DD-6FC4-4C62-B0C7-7BD653E62384}.Debug|Any CPU.ActiveCfg = Debug|Any CPU
		{CA8190DD-6FC4-4C62-B0C7-7BD653E62384}.Debug|Any CPU.Build.0 = Debug|Any CPU
		{CA8190DD-6FC4-4C62-B0C7-7BD653E62384}.Release|Any CPU.ActiveCfg = Release|Any CPU
		{CA8190DD-6FC4-4C62-B0C7-7BD653E62384}.Release|Any CPU.Build.0 = Release|Any CPU
	EndGlobalSection
	GlobalSection(SolutionProperties) = preSolution
		HideSolutionNode = FALSE
	EndGlobalSection
EndGlobal
